
Microsoft Visual Studio Solution File, Format Version 12.00
# Visual Studio Version 17
VisualStudioVersion = 17.7.34221.43
MinimumVisualStudioVersion = 10.0.40219.1
Project("{2150E333-8FDC-42A3-9474-1A3956D46DE8}") = "FrontEnd", "FrontEnd", "{C04F16C8-D9D9-44B7-BEE3-1342BDC7DB09}"
EndProject
Project("{2150E333-8FDC-42A3-9474-1A3956D46DE8}") = "GateWay", "GateWay", "{7B12D31A-5BC9-448A-A2DD-8D2036D1C852}"
EndProject
Project("{2150E333-8FDC-42A3-9474-1A3956D46DE8}") = "Integration", "Integration", "{36F773BB-CA1C-435C-955A-E9A8809EBC0F}"
EndProject
Project("{2150E333-8FDC-42A3-9474-1A3956D46DE8}") = "Services", "Services", "{BA23A89D-0DC1-42F9-BD36-6E786F37A257}"
EndProject
Project("{9A19103F-16F7-4668-BE54-9A1E7A4F7556}") = "Mango.Services.CouponAPI", "Mango.Services.CouponAPI\Mango.Services.CouponAPI.csproj", "{9BFFBA44-ABDC-40EB-AF3B-A642810401FB}"
EndProject
Project("{9A19103F-16F7-4668-BE54-9A1E7A4F7556}") = "Mango.Web", "Mango.Web\Mango.Web.csproj", "{5CAF3515-D1A6-4585-A012-1D5A7A6E15BF}"
EndProject
Project("{9A19103F-16F7-4668-BE54-9A1E7A4F7556}") = "Mango.Services.AuthAPI", "Mango.Services.AuthAPI\Mango.Services.AuthAPI.csproj", "{D3844CE0-4ACF-4F8B-9AD7-1B55E8F4C529}"
EndProject
Project("{9A19103F-16F7-4668-BE54-9A1E7A4F7556}") = "Mango.Services.ProductAPI", "Mango.Services.ProductAPI\Mango.Services.ProductAPI.csproj", "{2213A63D-E89F-43C1-BA1D-BC918B66081E}"
EndProject
Project("{9A19103F-16F7-4668-BE54-9A1E7A4F7556}") = "Mango.Services.ShoppingCartAPI", "Mango.Services.ShoppingCartAPI\Mango.Services.ShoppingCartAPI.csproj", "{43C3D25C-340E-464B-9CCC-F577B621314B}"
EndProject
Project("{9A19103F-16F7-4668-BE54-9A1E7A4F7556}") = "EmailServiceBus", "EmailServiceBus\EmailServiceBus.csproj", "{D8AEE1F7-DA37-4CAA-91E1-4DBD195EF36B}"
EndProject
Global
	GlobalSection(SolutionConfigurationPlatforms) = preSolution
		Debug|Any CPU = Debug|Any CPU
		Release|Any CPU = Release|Any CPU
	EndGlobalSection
	GlobalSection(ProjectConfigurationPlatforms) = postSolution
		{9BFFBA44-ABDC-40EB-AF3B-A642810401FB}.Debug|Any CPU.ActiveCfg = Debug|Any CPU
		{9BFFBA44-ABDC-40EB-AF3B-A642810401FB}.Debug|Any CPU.Build.0 = Debug|Any CPU
		{9BFFBA44-ABDC-40EB-AF3B-A642810401FB}.Release|Any CPU.ActiveCfg = Release|Any CPU
		{9BFFBA44-ABDC-40EB-AF3B-A642810401FB}.Release|Any CPU.Build.0 = Release|Any CPU
		{5CAF3515-D1A6-4585-A012-1D5A7A6E15BF}.Debug|Any CPU.ActiveCfg = Debug|Any CPU
		{5CAF3515-D1A6-4585-A012-1D5A7A6E15BF}.Debug|Any CPU.Build.0 = Debug|Any CPU
		{5CAF3515-D1A6-4585-A012-1D5A7A6E15BF}.Release|Any CPU.ActiveCfg = Release|Any CPU
		{5CAF3515-D1A6-4585-A012-1D5A7A6E15BF}.Release|Any CPU.Build.0 = Release|Any CPU
		{D3844CE0-4ACF-4F8B-9AD7-1B55E8F4C529}.Debug|Any CPU.ActiveCfg = Debug|Any CPU
		{D3844CE0-4ACF-4F8B-9AD7-1B55E8F4C529}.Debug|Any CPU.Build.0 = Debug|Any CPU
		{D3844CE0-4ACF-4F8B-9AD7-1B55E8F4C529}.Release|Any CPU.ActiveCfg = Release|Any CPU
		{D3844CE0-4ACF-4F8B-9AD7-1B55E8F4C529}.Release|Any CPU.Build.0 = Release|Any CPU
		{2213A63D-E89F-43C1-BA1D-BC918B66081E}.Debug|Any CPU.ActiveCfg = Debug|Any CPU
		{2213A63D-E89F-43C1-BA1D-BC918B66081E}.Debug|Any CPU.Build.0 = Debug|Any CPU
		{2213A63D-E89F-43C1-BA1D-BC918B66081E}.Release|Any CPU.ActiveCfg = Release|Any CPU
		{2213A63D-E89F-43C1-BA1D-BC918B66081E}.Release|Any CPU.Build.0 = Release|Any CPU
		{43C3D25C-340E-464B-9CCC-F577B621314B}.Debug|Any CPU.ActiveCfg = Debug|Any CPU
		{43C3D25C-340E-464B-9CCC-F577B621314B}.Debug|Any CPU.Build.0 = Debug|Any CPU
		{43C3D25C-340E-464B-9CCC-F577B621314B}.Release|Any CPU.ActiveCfg = Release|Any CPU
		{43C3D25C-340E-464B-9CCC-F577B621314B}.Release|Any CPU.Build.0 = Release|Any CPU
		{D8AEE1F7-DA37-4CAA-91E1-4DBD195EF36B}.Debug|Any CPU.ActiveCfg = Debug|Any CPU
		{D8AEE1F7-DA37-4CAA-91E1-4DBD195EF36B}.Debug|Any CPU.Build.0 = Debug|Any CPU
		{D8AEE1F7-DA37-4CAA-91E1-4DBD195EF36B}.Release|Any CPU.ActiveCfg = Release|Any CPU
		{D8AEE1F7-DA37-4CAA-91E1-4DBD195EF36B}.Release|Any CPU.Build.0 = Release|Any CPU
	EndGlobalSection
	GlobalSection(SolutionProperties) = preSolution
		HideSolutionNode = FALSE
	EndGlobalSection
	GlobalSection(NestedProjects) = preSolution
		{9BFFBA44-ABDC-40EB-AF3B-A642810401FB} = {BA23A89D-0DC1-42F9-BD36-6E786F37A257}
		{5CAF3515-D1A6-4585-A012-1D5A7A6E15BF} = {C04F16C8-D9D9-44B7-BEE3-1342BDC7DB09}
		{D3844CE0-4ACF-4F8B-9AD7-1B55E8F4C529} = {BA23A89D-0DC1-42F9-BD36-6E786F37A257}
		{2213A63D-E89F-43C1-BA1D-BC918B66081E} = {BA23A89D-0DC1-42F9-BD36-6E786F37A257}
		{43C3D25C-340E-464B-9CCC-F577B621314B} = {BA23A89D-0DC1-42F9-BD36-6E786F37A257}
	EndGlobalSection
	GlobalSection(ExtensibilityGlobals) = postSolution
		SolutionGuid = {B2D7F929-A576-4F41-8C09-31A04D567C3C}
	EndGlobalSection
EndGlobal
